
Microsoft Visual Studio Solution File, Format Version 12.00
# Visual Studio 15
VisualStudioVersion = 15.0.26730.12
MinimumVisualStudioVersion = 10.0.40219.1
Project("{FAE04EC0-301F-11D3-BF4B-00C04F79EFBC}") = "SapphireBootWPF", "SapphireBootWPF.csproj", "{3E4976AE-6D82-4F87-AB6C-75547BD28CE1}"
EndProject
Global
	GlobalSection(SolutionConfigurationPlatforms) = preSolution
		Debug|x64 = Debug|x64
		Release|x64 = Release|x64
	EndGlobalSection
	GlobalSection(ProjectConfigurationPlatforms) = postSolution
		{3E4976AE-6D82-4F87-AB6C-75547BD28CE1}.Debug|x64.ActiveCfg = Debug|x64
		{3E4976AE-6D82-4F87-AB6C-75547BD28CE1}.Debug|x64.Build.0 = Debug|x64
		{3E4976AE-6D82-4F87-AB6C-75547BD28CE1}.Release|x64.ActiveCfg = Release|x64
		{3E4976AE-6D82-4F87-AB6C-75547BD28CE1}.Release|x64.Build.0 = Release|x64
	EndGlobalSection
	GlobalSection(SolutionProperties) = preSolution
		HideSolutionNode = FALSE
	EndGlobalSection
	GlobalSection(ExtensibilityGlobals) = postSolution
		SolutionGuid = {F7E4E572-B627-4E93-B57D-2D89E01E0993}
	EndGlobalSection
EndGlobal
